
Microsoft Visual Studio Solution File, Format Version 12.00
# Visual Studio Version 17
VisualStudioVersion = 17.5.33502.453
MinimumVisualStudioVersion = 10.0.40219.1
Project("{9A19103F-16F7-4668-BE54-9A1E7A4F7556}") = "StoreAdmin.Core", "StoreAdmin.Core\StoreAdmin.Core.csproj", "{5B49ABF6-0B51-41D9-AEF8-7B4B7046E6F8}"
EndProject
Project("{9A19103F-16F7-4668-BE54-9A1E7A4F7556}") = "StoreAdmin.ExampleApp", "StoreAdmin.ExampleApp\StoreAdmin.ExampleApp.csproj", "{3243F683-BEA2-4092-8735-7A4B1324B119}"
EndProject
Project("{9A19103F-16F7-4668-BE54-9A1E7A4F7556}") = "StoreAdmin.Core.Tests", "StoreAdmin.Core.Tests\StoreAdmin.Core.Tests.csproj", "{4773D9CF-0491-4C55-A2FF-ED6011C312B9}"
EndProject
Project("{FAE04EC0-301F-11D3-BF4B-00C04F79EFBC}") = "StoreAdmin.ExampleApp.Tests", "StoreAdmin.ExampleApp.Tests\StoreAdmin.ExampleApp.Tests.csproj", "{DAF23241-523B-4404-9BF3-7B989E771EE1}"
EndProject
Global
	GlobalSection(SolutionConfigurationPlatforms) = preSolution
		Debug|Any CPU = Debug|Any CPU
		Release|Any CPU = Release|Any CPU
	EndGlobalSection
	GlobalSection(ProjectConfigurationPlatforms) = postSolution
		{5B49ABF6-0B51-41D9-AEF8-7B4B7046E6F8}.Debug|Any CPU.ActiveCfg = Debug|Any CPU
		{5B49ABF6-0B51-41D9-AEF8-7B4B7046E6F8}.Debug|Any CPU.Build.0 = Debug|Any CPU
		{5B49ABF6-0B51-41D9-AEF8-7B4B7046E6F8}.Release|Any CPU.ActiveCfg = Release|Any CPU
		{5B49ABF6-0B51-41D9-AEF8-7B4B7046E6F8}.Release|Any CPU.Build.0 = Release|Any CPU
		{3243F683-BEA2-4092-8735-7A4B1324B119}.Debug|Any CPU.ActiveCfg = Debug|Any CPU
		{3243F683-BEA2-4092-8735-7A4B1324B119}.Debug|Any CPU.Build.0 = Debug|Any CPU
		{3243F683-BEA2-4092-8735-7A4B1324B119}.Release|Any CPU.ActiveCfg = Release|Any CPU
		{3243F683-BEA2-4092-8735-7A4B1324B119}.Release|Any CPU.Build.0 = Release|Any CPU
		{4773D9CF-0491-4C55-A2FF-ED6011C312B9}.Debug|Any CPU.ActiveCfg = Debug|Any CPU
		{4773D9CF-0491-4C55-A2FF-ED6011C312B9}.Debug|Any CPU.Build.0 = Debug|Any CPU
		{4773D9CF-0491-4C55-A2FF-ED6011C312B9}.Release|Any CPU.ActiveCfg = Release|Any CPU
		{4773D9CF-0491-4C55-A2FF-ED6011C312B9}.Release|Any CPU.Build.0 = Release|Any CPU
		{DAF23241-523B-4404-9BF3-7B989E771EE1}.Debug|Any CPU.ActiveCfg = Debug|Any CPU
		{DAF23241-523B-4404-9BF3-7B989E771EE1}.Debug|Any CPU.Build.0 = Debug|Any CPU
		{DAF23241-523B-4404-9BF3-7B989E771EE1}.Release|Any CPU.ActiveCfg = Release|Any CPU
		{DAF23241-523B-4404-9BF3-7B989E771EE1}.Release|Any CPU.Build.0 = Release|Any CPU
	EndGlobalSection
	GlobalSection(SolutionProperties) = preSolution
		HideSolutionNode = FALSE
	EndGlobalSection
	GlobalSection(ExtensibilityGlobals) = postSolution
		SolutionGuid = {F1869D5C-58B7-4F3F-AD52-8B3509D5E2A0}
	EndGlobalSection
EndGlobal
